
Microsoft Visual Studio Solution File, Format Version 12.00
# Visual Studio 14
VisualStudioVersion = 14.0.24720.0
MinimumVisualStudioVersion = 10.0.40219.1
Project("{FAE04EC0-301F-11D3-BF4B-00C04F79EFBC}") = "Shop", "CarWashes\Shop.csproj", "{AC163833-FC3B-459E-93FB-738A229DED23}"
EndProject
Project("{2150E333-8FDC-42A3-9474-1A3956D46DE8}") = "Core", "Core", "{DE25FF5A-3283-4210-A495-709486009B9F}"
EndProject
Project("{FAE04EC0-301F-11D3-BF4B-00C04F79EFBC}") = "CoreModels", "CoreModels\CoreModels.csproj", "{FF9895C7-1CF8-4C93-87B6-43E430C0CC02}"
EndProject
Project("{2150E333-8FDC-42A3-9474-1A3956D46DE8}") = "Models", "Models", "{980D008A-A25E-4D6C-90F7-957D1AE2E737}"
EndProject
Project("{2150E333-8FDC-42A3-9474-1A3956D46DE8}") = "Interfaces", "Interfaces", "{D2FA967E-8972-4487-B24C-AD1EAFF72C88}"
EndProject
Project("{2150E333-8FDC-42A3-9474-1A3956D46DE8}") = "Persistance layer", "Persistance layer", "{C8783875-4D9A-44AB-BB19-16C8F92AC2F4}"
EndProject
Project("{2150E333-8FDC-42A3-9474-1A3956D46DE8}") = "Service", "Service", "{75915A75-3A7E-4160-ABA3-5D3F3472CC60}"
EndProject
Project("{FAE04EC0-301F-11D3-BF4B-00C04F79EFBC}") = "Interfaces", "IRepository\Interfaces.csproj", "{FAE3EB15-4AB5-4834-833C-E23A375A1955}"
EndProject
Project("{2150E333-8FDC-42A3-9474-1A3956D46DE8}") = "EntityContext", "EntityContext", "{A13F04F1-A445-458A-AA6F-ECFCC9928EC4}"
EndProject
Project("{FAE04EC0-301F-11D3-BF4B-00C04F79EFBC}") = "Context", "Context\Context.csproj", "{37CAFB27-D831-41D6-9351-ADE158EF3CB2}"
EndProject
Project("{FAE04EC0-301F-11D3-BF4B-00C04F79EFBC}") = "DataAccess", "DataAccess\DataAccess.csproj", "{74B1902A-EE5B-4E48-8ADF-360FD9BA630C}"
EndProject
Project("{2150E333-8FDC-42A3-9474-1A3956D46DE8}") = "DTOmodels", "DTOmodels", "{78C6428F-13CC-42B1-A9AD-1D32402FFD36}"
EndProject
Project("{2150E333-8FDC-42A3-9474-1A3956D46DE8}") = "Interfaces", "Interfaces", "{DBE8CB49-7726-45D8-842B-5899979E0FB8}"
EndProject
Project("{2150E333-8FDC-42A3-9474-1A3956D46DE8}") = "ServicesImplementation", "ServicesImplementation", "{401141ED-F3DB-4111-8C69-6001C6A62F9B}"
EndProject
Project("{FAE04EC0-301F-11D3-BF4B-00C04F79EFBC}") = "DTOmodels", "DTOmodels\DTOmodels.csproj", "{37C32CF9-C34A-4B1D-B51E-B7292135DC9E}"
EndProject
Project("{FAE04EC0-301F-11D3-BF4B-00C04F79EFBC}") = "ServiceInterfaces", "Services\ServiceInterfaces.csproj", "{76099AD6-1672-41F7-ACF6-7F72B5504098}"
EndProject
Project("{FAE04EC0-301F-11D3-BF4B-00C04F79EFBC}") = "ServicesDTO", "ServicesDTO\ServicesDTO.csproj", "{59DE5611-1862-4477-87FC-8E01EAFFB53A}"
EndProject
Project("{2150E333-8FDC-42A3-9474-1A3956D46DE8}") = "Composition root", "Composition root", "{3F52993C-C8D8-4EF4-95A5-F3500260DB9C}"
EndProject
Project("{FAE04EC0-301F-11D3-BF4B-00C04F79EFBC}") = "NinjectContainer", "NinjectContainer\NinjectContainer.csproj", "{C456D639-C509-4EF1-9AB5-258CCF7C3EA3}"
EndProject
Project("{2150E333-8FDC-42A3-9474-1A3956D46DE8}") = "WebViewModels", "WebViewModels", "{C67789D5-0CE2-407D-9DA5-E4ADC45BDFF6}"
EndProject
Project("{FAE04EC0-301F-11D3-BF4B-00C04F79EFBC}") = "ViewModels", "ViewModels\ViewModels.csproj", "{850DEEFB-CC92-4638-A3D0-0E0FB0EF34E4}"
EndProject
Project("{FAE04EC0-301F-11D3-BF4B-00C04F79EFBC}") = "AutoMapperConfig", "AutoMapper\AutoMapperConfig.csproj", "{B8579B18-8F53-42DF-BF3C-C2C3E0DF068B}"
EndProject
Project("{2150E333-8FDC-42A3-9474-1A3956D46DE8}") = "Identity", "Identity", "{78376B47-8D40-4E77-837B-FB1E59E3C4C6}"
EndProject
Project("{FAE04EC0-301F-11D3-BF4B-00C04F79EFBC}") = "CustomIdentity", "CustomIdentity\CustomIdentity.csproj", "{CE31CCF6-7BE1-4EE8-BE81-AA8E782E6368}"
EndProject
Global
	GlobalSection(SolutionConfigurationPlatforms) = preSolution
		Debug|Any CPU = Debug|Any CPU
		Release|Any CPU = Release|Any CPU
	EndGlobalSection
	GlobalSection(ProjectConfigurationPlatforms) = postSolution
		{AC163833-FC3B-459E-93FB-738A229DED23}.Debug|Any CPU.ActiveCfg = Debug|Any CPU
		{AC163833-FC3B-459E-93FB-738A229DED23}.Debug|Any CPU.Build.0 = Debug|Any CPU
		{AC163833-FC3B-459E-93FB-738A229DED23}.Release|Any CPU.ActiveCfg = Release|Any CPU
		{AC163833-FC3B-459E-93FB-738A229DED23}.Release|Any CPU.Build.0 = Release|Any CPU
		{FF9895C7-1CF8-4C93-87B6-43E430C0CC02}.Debug|Any CPU.ActiveCfg = Debug|Any CPU
		{FF9895C7-1CF8-4C93-87B6-43E430C0CC02}.Debug|Any CPU.Build.0 = Debug|Any CPU
		{FF9895C7-1CF8-4C93-87B6-43E430C0CC02}.Release|Any CPU.ActiveCfg = Release|Any CPU
		{FF9895C7-1CF8-4C93-87B6-43E430C0CC02}.Release|Any CPU.Build.0 = Release|Any CPU
		{FAE3EB15-4AB5-4834-833C-E23A375A1955}.Debug|Any CPU.ActiveCfg = Debug|Any CPU
		{FAE3EB15-4AB5-4834-833C-E23A375A1955}.Debug|Any CPU.Build.0 = Debug|Any CPU
		{FAE3EB15-4AB5-4834-833C-E23A375A1955}.Release|Any CPU.ActiveCfg = Release|Any CPU
		{FAE3EB15-4AB5-4834-833C-E23A375A1955}.Release|Any CPU.Build.0 = Release|Any CPU
		{37CAFB27-D831-41D6-9351-ADE158EF3CB2}.Debug|Any CPU.ActiveCfg = Debug|Any CPU
		{37CAFB27-D831-41D6-9351-ADE158EF3CB2}.Debug|Any CPU.Build.0 = Debug|Any CPU
		{37CAFB27-D831-41D6-9351-ADE158EF3CB2}.Release|Any CPU.ActiveCfg = Release|Any CPU
		{37CAFB27-D831-41D6-9351-ADE158EF3CB2}.Release|Any CPU.Build.0 = Release|Any CPU
		{74B1902A-EE5B-4E48-8ADF-360FD9BA630C}.Debug|Any CPU.ActiveCfg = Debug|Any CPU
		{74B1902A-EE5B-4E48-8ADF-360FD9BA630C}.Debug|Any CPU.Build.0 = Debug|Any CPU
		{74B1902A-EE5B-4E48-8ADF-360FD9BA630C}.Release|Any CPU.ActiveCfg = Release|Any CPU
		{74B1902A-EE5B-4E48-8ADF-360FD9BA630C}.Release|Any CPU.Build.0 = Release|Any CPU
		{37C32CF9-C34A-4B1D-B51E-B7292135DC9E}.Debug|Any CPU.ActiveCfg = Debug|Any CPU
		{37C32CF9-C34A-4B1D-B51E-B7292135DC9E}.Debug|Any CPU.Build.0 = Debug|Any CPU
		{37C32CF9-C34A-4B1D-B51E-B7292135DC9E}.Release|Any CPU.ActiveCfg = Release|Any CPU
		{37C32CF9-C34A-4B1D-B51E-B7292135DC9E}.Release|Any CPU.Build.0 = Release|Any CPU
		{76099AD6-1672-41F7-ACF6-7F72B5504098}.Debug|Any CPU.ActiveCfg = Debug|Any CPU
		{76099AD6-1672-41F7-ACF6-7F72B5504098}.Debug|Any CPU.Build.0 = Debug|Any CPU
		{76099AD6-1672-41F7-ACF6-7F72B5504098}.Release|Any CPU.ActiveCfg = Release|Any CPU
		{76099AD6-1672-41F7-ACF6-7F72B5504098}.Release|Any CPU.Build.0 = Release|Any CPU
		{59DE5611-1862-4477-87FC-8E01EAFFB53A}.Debug|Any CPU.ActiveCfg = Debug|Any CPU
		{59DE5611-1862-4477-87FC-8E01EAFFB53A}.Debug|Any CPU.Build.0 = Debug|Any CPU
		{59DE5611-1862-4477-87FC-8E01EAFFB53A}.Release|Any CPU.ActiveCfg = Release|Any CPU
		{59DE5611-1862-4477-87FC-8E01EAFFB53A}.Release|Any CPU.Build.0 = Release|Any CPU
		{C456D639-C509-4EF1-9AB5-258CCF7C3EA3}.Debug|Any CPU.ActiveCfg = Debug|Any CPU
		{C456D639-C509-4EF1-9AB5-258CCF7C3EA3}.Debug|Any CPU.Build.0 = Debug|Any CPU
		{C456D639-C509-4EF1-9AB5-258CCF7C3EA3}.Release|Any CPU.ActiveCfg = Release|Any CPU
		{C456D639-C509-4EF1-9AB5-258CCF7C3EA3}.Release|Any CPU.Build.0 = Release|Any CPU
		{850DEEFB-CC92-4638-A3D0-0E0FB0EF34E4}.Debug|Any CPU.ActiveCfg = Debug|Any CPU
		{850DEEFB-CC92-4638-A3D0-0E0FB0EF34E4}.Debug|Any CPU.Build.0 = Debug|Any CPU
		{850DEEFB-CC92-4638-A3D0-0E0FB0EF34E4}.Release|Any CPU.ActiveCfg = Release|Any CPU
		{850DEEFB-CC92-4638-A3D0-0E0FB0EF34E4}.Release|Any CPU.Build.0 = Release|Any CPU
		{B8579B18-8F53-42DF-BF3C-C2C3E0DF068B}.Debug|Any CPU.ActiveCfg = Debug|Any CPU
		{B8579B18-8F53-42DF-BF3C-C2C3E0DF068B}.Debug|Any CPU.Build.0 = Debug|Any CPU
		{B8579B18-8F53-42DF-BF3C-C2C3E0DF068B}.Release|Any CPU.ActiveCfg = Release|Any CPU
		{B8579B18-8F53-42DF-BF3C-C2C3E0DF068B}.Release|Any CPU.Build.0 = Release|Any CPU
		{CE31CCF6-7BE1-4EE8-BE81-AA8E782E6368}.Debug|Any CPU.ActiveCfg = Debug|Any CPU
		{CE31CCF6-7BE1-4EE8-BE81-AA8E782E6368}.Debug|Any CPU.Build.0 = Debug|Any CPU
		{CE31CCF6-7BE1-4EE8-BE81-AA8E782E6368}.Release|Any CPU.ActiveCfg = Release|Any CPU
		{CE31CCF6-7BE1-4EE8-BE81-AA8E782E6368}.Release|Any CPU.Build.0 = Release|Any CPU
	EndGlobalSection
	GlobalSection(SolutionProperties) = preSolution
		HideSolutionNode = FALSE
	EndGlobalSection
	GlobalSection(NestedProjects) = preSolution
		{FF9895C7-1CF8-4C93-87B6-43E430C0CC02} = {980D008A-A25E-4D6C-90F7-957D1AE2E737}
		{980D008A-A25E-4D6C-90F7-957D1AE2E737} = {DE25FF5A-3283-4210-A495-709486009B9F}
		{D2FA967E-8972-4487-B24C-AD1EAFF72C88} = {DE25FF5A-3283-4210-A495-709486009B9F}
		{C8783875-4D9A-44AB-BB19-16C8F92AC2F4} = {DE25FF5A-3283-4210-A495-709486009B9F}
		{FAE3EB15-4AB5-4834-833C-E23A375A1955} = {D2FA967E-8972-4487-B24C-AD1EAFF72C88}
		{A13F04F1-A445-458A-AA6F-ECFCC9928EC4} = {DE25FF5A-3283-4210-A495-709486009B9F}
		{37CAFB27-D831-41D6-9351-ADE158EF3CB2} = {A13F04F1-A445-458A-AA6F-ECFCC9928EC4}
		{74B1902A-EE5B-4E48-8ADF-360FD9BA630C} = {C8783875-4D9A-44AB-BB19-16C8F92AC2F4}
		{78C6428F-13CC-42B1-A9AD-1D32402FFD36} = {75915A75-3A7E-4160-ABA3-5D3F3472CC60}
		{DBE8CB49-7726-45D8-842B-5899979E0FB8} = {75915A75-3A7E-4160-ABA3-5D3F3472CC60}
		{401141ED-F3DB-4111-8C69-6001C6A62F9B} = {75915A75-3A7E-4160-ABA3-5D3F3472CC60}
		{37C32CF9-C34A-4B1D-B51E-B7292135DC9E} = {78C6428F-13CC-42B1-A9AD-1D32402FFD36}
		{76099AD6-1672-41F7-ACF6-7F72B5504098} = {DBE8CB49-7726-45D8-842B-5899979E0FB8}
		{59DE5611-1862-4477-87FC-8E01EAFFB53A} = {401141ED-F3DB-4111-8C69-6001C6A62F9B}
		{C456D639-C509-4EF1-9AB5-258CCF7C3EA3} = {3F52993C-C8D8-4EF4-95A5-F3500260DB9C}
		{850DEEFB-CC92-4638-A3D0-0E0FB0EF34E4} = {C67789D5-0CE2-407D-9DA5-E4ADC45BDFF6}
		{B8579B18-8F53-42DF-BF3C-C2C3E0DF068B} = {3F52993C-C8D8-4EF4-95A5-F3500260DB9C}
		{CE31CCF6-7BE1-4EE8-BE81-AA8E782E6368} = {78376B47-8D40-4E77-837B-FB1E59E3C4C6}
	EndGlobalSection
EndGlobal
